
Microsoft Visual Studio Solution File, Format Version 12.00
# Visual Studio Version 16
VisualStudioVersion = 16.0.29424.173
MinimumVisualStudioVersion = 10.0.40219.1
Project("{FAE04EC0-301F-11D3-BF4B-00C04F79EFBC}") = "SuperMarketCashier", "SuperMarketCashier\SuperMarketCashier.csproj", "{155BAC3E-85A7-423C-B3F5-88EE00A77A2F}"
EndProject
Project("{FAE04EC0-301F-11D3-BF4B-00C04F79EFBC}") = "SuperMarketBLL", "SuperMarketBLL\SuperMarketBLL.csproj", "{0F62168E-6BFC-4ED5-B7D7-057A0C3E9F45}"
EndProject
Project("{FAE04EC0-301F-11D3-BF4B-00C04F79EFBC}") = "SuperMarketIBLL", "SuperMarketIBLL\SuperMarketIBLL.csproj", "{7215F7D8-DE3C-47A0-A4DF-C9708BD3CB88}"
EndProject
Project("{FAE04EC0-301F-11D3-BF4B-00C04F79EFBC}") = "SuperMarketDAL", "SuperMarketDAL\SuperMarketDAL.csproj", "{1E1A93C1-064A-4410-9369-2C6BFD5A2A87}"
EndProject
Project("{FAE04EC0-301F-11D3-BF4B-00C04F79EFBC}") = "SuperMarketIDAL", "SuperMarketIDAL\SuperMarketIDAL.csproj", "{DE1D8390-AD51-4475-85F5-FCB75AECC04B}"
EndProject
Project("{FAE04EC0-301F-11D3-BF4B-00C04F79EFBC}") = "SuperMarketModel", "SuperMarketModel\SuperMarketModel.csproj", "{EDA04F45-DFF4-4874-B096-739C5134F618}"
EndProject
Project("{FAE04EC0-301F-11D3-BF4B-00C04F79EFBC}") = "SuperMarketCommon", "SuperMarketCommon\SuperMarketCommon.csproj", "{B5064A5E-C3BF-4FDC-9280-03853D27BC8D}"
EndProject
Project("{FAE04EC0-301F-11D3-BF4B-00C04F79EFBC}") = "SuperMarketManager", "SuperMarketManager\SuperMarketManager.csproj", "{2F614CEF-2C0A-422A-99FC-BDDC69396100}"
EndProject
Global
	GlobalSection(SolutionConfigurationPlatforms) = preSolution
		Debug|Any CPU = Debug|Any CPU
		Release|Any CPU = Release|Any CPU
	EndGlobalSection
	GlobalSection(ProjectConfigurationPlatforms) = postSolution
		{155BAC3E-85A7-423C-B3F5-88EE00A77A2F}.Debug|Any CPU.ActiveCfg = Debug|Any CPU
		{155BAC3E-85A7-423C-B3F5-88EE00A77A2F}.Debug|Any CPU.Build.0 = Debug|Any CPU
		{155BAC3E-85A7-423C-B3F5-88EE00A77A2F}.Release|Any CPU.ActiveCfg = Release|Any CPU
		{155BAC3E-85A7-423C-B3F5-88EE00A77A2F}.Release|Any CPU.Build.0 = Release|Any CPU
		{0F62168E-6BFC-4ED5-B7D7-057A0C3E9F45}.Debug|Any CPU.ActiveCfg = Debug|Any CPU
		{0F62168E-6BFC-4ED5-B7D7-057A0C3E9F45}.Debug|Any CPU.Build.0 = Debug|Any CPU
		{0F62168E-6BFC-4ED5-B7D7-057A0C3E9F45}.Release|Any CPU.ActiveCfg = Release|Any CPU
		{0F62168E-6BFC-4ED5-B7D7-057A0C3E9F45}.Release|Any CPU.Build.0 = Release|Any CPU
		{7215F7D8-DE3C-47A0-A4DF-C9708BD3CB88}.Debug|Any CPU.ActiveCfg = Debug|Any CPU
		{7215F7D8-DE3C-47A0-A4DF-C9708BD3CB88}.Debug|Any CPU.Build.0 = Debug|Any CPU
		{7215F7D8-DE3C-47A0-A4DF-C9708BD3CB88}.Release|Any CPU.ActiveCfg = Release|Any CPU
		{7215F7D8-DE3C-47A0-A4DF-C9708BD3CB88}.Release|Any CPU.Build.0 = Release|Any CPU
		{1E1A93C1-064A-4410-9369-2C6BFD5A2A87}.Debug|Any CPU.ActiveCfg = Debug|Any CPU
		{1E1A93C1-064A-4410-9369-2C6BFD5A2A87}.Debug|Any CPU.Build.0 = Debug|Any CPU
		{1E1A93C1-064A-4410-9369-2C6BFD5A2A87}.Release|Any CPU.ActiveCfg = Release|Any CPU
		{1E1A93C1-064A-4410-9369-2C6BFD5A2A87}.Release|Any CPU.Build.0 = Release|Any CPU
		{DE1D8390-AD51-4475-85F5-FCB75AECC04B}.Debug|Any CPU.ActiveCfg = Debug|Any CPU
		{DE1D8390-AD51-4475-85F5-FCB75AECC04B}.Debug|Any CPU.Build.0 = Debug|Any CPU
		{DE1D8390-AD51-4475-85F5-FCB75AECC04B}.Release|Any CPU.ActiveCfg = Release|Any CPU
		{DE1D8390-AD51-4475-85F5-FCB75AECC04B}.Release|Any CPU.Build.0 = Release|Any CPU
		{EDA04F45-DFF4-4874-B096-739C5134F618}.Debug|Any CPU.ActiveCfg = Debug|Any CPU
		{EDA04F45-DFF4-4874-B096-739C5134F618}.Debug|Any CPU.Build.0 = Debug|Any CPU
		{EDA04F45-DFF4-4874-B096-739C5134F618}.Release|Any CPU.ActiveCfg = Release|Any CPU
		{EDA04F45-DFF4-4874-B096-739C5134F618}.Release|Any CPU.Build.0 = Release|Any CPU
		{B5064A5E-C3BF-4FDC-9280-03853D27BC8D}.Debug|Any CPU.ActiveCfg = Debug|Any CPU
		{B5064A5E-C3BF-4FDC-9280-03853D27BC8D}.Debug|Any CPU.Build.0 = Debug|Any CPU
		{B5064A5E-C3BF-4FDC-9280-03853D27BC8D}.Release|Any CPU.ActiveCfg = Release|Any CPU
		{B5064A5E-C3BF-4FDC-9280-03853D27BC8D}.Release|Any CPU.Build.0 = Release|Any CPU
		{2F614CEF-2C0A-422A-99FC-BDDC69396100}.Debug|Any CPU.ActiveCfg = Debug|Any CPU
		{2F614CEF-2C0A-422A-99FC-BDDC69396100}.Debug|Any CPU.Build.0 = Debug|Any CPU
		{2F614CEF-2C0A-422A-99FC-BDDC69396100}.Release|Any CPU.ActiveCfg = Release|Any CPU
		{2F614CEF-2C0A-422A-99FC-BDDC69396100}.Release|Any CPU.Build.0 = Release|Any CPU
	EndGlobalSection
	GlobalSection(SolutionProperties) = preSolution
		HideSolutionNode = FALSE
	EndGlobalSection
	GlobalSection(ExtensibilityGlobals) = postSolution
		SolutionGuid = {178BE828-8D89-4968-A4DA-C221D995E959}
	EndGlobalSection
EndGlobal
